
Microsoft Visual Studio Solution File, Format Version 12.00
# Visual Studio Version 16
VisualStudioVersion = 16.0.30011.22
MinimumVisualStudioVersion = 10.0.40219.1
Project("{FAE04EC0-301F-11D3-BF4B-00C04F79EFBC}") = "OperacionesMatematicasBlazor", "OperacionesMatematicasBlazor\OperacionesMatematicasBlazor.csproj", "{0DE7F7CE-AC0B-4DBA-AC00-2BD56B337CEA}"
EndProject
Global
	GlobalSection(SolutionConfigurationPlatforms) = preSolution
		Debug|Any CPU = Debug|Any CPU
		Release|Any CPU = Release|Any CPU
	EndGlobalSection
	GlobalSection(ProjectConfigurationPlatforms) = postSolution
		{0DE7F7CE-AC0B-4DBA-AC00-2BD56B337CEA}.Debug|Any CPU.ActiveCfg = Debug|Any CPU
		{0DE7F7CE-AC0B-4DBA-AC00-2BD56B337CEA}.Debug|Any CPU.Build.0 = Debug|Any CPU
		{0DE7F7CE-AC0B-4DBA-AC00-2BD56B337CEA}.Release|Any CPU.ActiveCfg = Release|Any CPU
		{0DE7F7CE-AC0B-4DBA-AC00-2BD56B337CEA}.Release|Any CPU.Build.0 = Release|Any CPU
	EndGlobalSection
	GlobalSection(SolutionProperties) = preSolution
		HideSolutionNode = FALSE
	EndGlobalSection
	GlobalSection(ExtensibilityGlobals) = postSolution
		SolutionGuid = {49F0DED3-EEA5-466B-BC7C-C095D843C313}
	EndGlobalSection
EndGlobal
